
Microsoft Visual Studio Solution File, Format Version 12.00
# Visual Studio Version 16
VisualStudioVersion = 16.0.32106.194
MinimumVisualStudioVersion = 10.0.40219.1
Project("{FAE04EC0-301F-11D3-BF4B-00C04F79EFBC}") = "CaseStudyProject", "CaseStudyProject\CaseStudyProject.csproj", "{BAFF8F8E-15C7-4F78-9854-F1BBBC6C9507}"
EndProject
Global
	GlobalSection(SolutionConfigurationPlatforms) = preSolution
		Debug|Any CPU = Debug|Any CPU
		Release|Any CPU = Release|Any CPU
	EndGlobalSection
	GlobalSection(ProjectConfigurationPlatforms) = postSolution
		{BAFF8F8E-15C7-4F78-9854-F1BBBC6C9507}.Debug|Any CPU.ActiveCfg = Debug|Any CPU
		{BAFF8F8E-15C7-4F78-9854-F1BBBC6C9507}.Debug|Any CPU.Build.0 = Debug|Any CPU
		{BAFF8F8E-15C7-4F78-9854-F1BBBC6C9507}.Release|Any CPU.ActiveCfg = Release|Any CPU
		{BAFF8F8E-15C7-4F78-9854-F1BBBC6C9507}.Release|Any CPU.Build.0 = Release|Any CPU
	EndGlobalSection
	GlobalSection(SolutionProperties) = preSolution
		HideSolutionNode = FALSE
	EndGlobalSection
	GlobalSection(ExtensibilityGlobals) = postSolution
		SolutionGuid = {E12771C7-57D4-4DF6-912F-75453A9B2EBA}
	EndGlobalSection
EndGlobal
